
Microsoft Visual Studio Solution File, Format Version 12.00
# Visual Studio Version 17
VisualStudioVersion = 17.9.34607.119
MinimumVisualStudioVersion = 10.0.40219.1
Project("{8BC9CEB8-8B4A-11D0-8D11-00A0C91BC942}") = "test_server", "test_server\test_server.vcxproj", "{25B9AB38-52F5-4436-B60B-044B7EA69140}"
EndProject
Project("{8BC9CEB8-8B4A-11D0-8D11-00A0C91BC942}") = "test_client", "test_client\test_client.vcxproj", "{8DD0BC73-352A-4B9B-9359-404C01AE0918}"
EndProject
Global
	GlobalSection(SolutionConfigurationPlatforms) = preSolution
		Debug|x64 = Debug|x64
		Debug|x86 = Debug|x86
		Release|x64 = Release|x64
		Release|x86 = Release|x86
	EndGlobalSection
	GlobalSection(ProjectConfigurationPlatforms) = postSolution
		{25B9AB38-52F5-4436-B60B-044B7EA69140}.Debug|x64.ActiveCfg = Debug|x64
		{25B9AB38-52F5-4436-B60B-044B7EA69140}.Debug|x64.Build.0 = Debug|x64
		{25B9AB38-52F5-4436-B60B-044B7EA69140}.Debug|x86.ActiveCfg = Debug|Win32
		{25B9AB38-52F5-4436-B60B-044B7EA69140}.Debug|x86.Build.0 = Debug|Win32
		{25B9AB38-52F5-4436-B60B-044B7EA69140}.Release|x64.ActiveCfg = Release|x64
		{25B9AB38-52F5-4436-B60B-044B7EA69140}.Release|x64.Build.0 = Release|x64
		{25B9AB38-52F5-4436-B60B-044B7EA69140}.Release|x86.ActiveCfg = Release|Win32
		{25B9AB38-52F5-4436-B60B-044B7EA69140}.Release|x86.Build.0 = Release|Win32
		{8DD0BC73-352A-4B9B-9359-404C01AE0918}.Debug|x64.ActiveCfg = Debug|x64
		{8DD0BC73-352A-4B9B-9359-404C01AE0918}.Debug|x64.Build.0 = Debug|x64
		{8DD0BC73-352A-4B9B-9359-404C01AE0918}.Debug|x86.ActiveCfg = Debug|Win32
		{8DD0BC73-352A-4B9B-9359-404C01AE0918}.Debug|x86.Build.0 = Debug|Win32
		{8DD0BC73-352A-4B9B-9359-404C01AE0918}.Release|x64.ActiveCfg = Release|x64
		{8DD0BC73-352A-4B9B-9359-404C01AE0918}.Release|x64.Build.0 = Release|x64
		{8DD0BC73-352A-4B9B-9359-404C01AE0918}.Release|x86.ActiveCfg = Release|Win32
		{8DD0BC73-352A-4B9B-9359-404C01AE0918}.Release|x86.Build.0 = Release|Win32
	EndGlobalSection
	GlobalSection(SolutionProperties) = preSolution
		HideSolutionNode = FALSE
	EndGlobalSection
	GlobalSection(ExtensibilityGlobals) = postSolution
		SolutionGuid = {7B723958-E177-4B7D-A60B-5B09A8201707}
	EndGlobalSection
EndGlobal
